# Generated by pub
# See http://pub.dartlang.org/doc/glossary.html#lockfile
packages:
  meta:
    description:
      name: meta
      url: "https://pub.dartlang.org"
    source: hosted
    version: "1.1.2"
  wui_builder:
    description:
      path: "../../wui_builder"
      relative: true
    source: path
    version: "0.3.1"
sdks:
  dart: ">=1.23.0 <2.0.0"
